github.com/GoesToEleven/dog v0.0.0-20230428023317-90bef1c76cb9 h1:WtQjqEAV0EwbFVvp4ETs4XvRmdE0+r578aLTAnay80Y=
github.com/GoesToEleven/dog v0.0.0-20230428023317-90bef1c76cb9/go.mod h1:bSJZIYrINAWfFsUPONiX6V8GGsCFquPtn5yE6DFvIkE=
github.com/kelvinCB/puppy v0.0.0-20240618190427-20a1550e9362 h1:pAJBg2VAQqknoDS1rkycupTfePDT0ndHlsE+2mX6HWg=
github.com/kelvinCB/puppy v0.0.0-20240618190427-20a1550e9362/go.mod h1:66Xk1o8q/rR+4Z2H/5Aw+S8ZBfQ3DBAdx6jZE41OHGs=
github.com/kelvinCB/puppy v0.0.0-20240621004307-75f381fb01b2 h1:ODugnHkv0pxp3m0hICkmt+i6w55u27Jqjp0wbKvNpwk=
github.com/kelvinCB/puppy v0.0.0-20240621004307-75f381fb01b2/go.mod h1:9EDLlR3WpzJJ/XV8P9VXF/JWldc/zcO4Uc6UJrscPTM=
